
Microsoft Visual Studio Solution File, Format Version 12.00
# Visual Studio 2013
VisualStudioVersion = 12.0.21005.1
MinimumVisualStudioVersion = 10.0.40219.1
Project("{8BC9CEB8-8B4A-11D0-8D11-00A0C91BC942}") = "C_Class6", "C_Class6\C_Class6.vcxproj", "{E221666C-4F25-4831-B0D3-70BF0C5D2EAB}"
EndProject
Global
	GlobalSection(SolutionConfigurationPlatforms) = preSolution
		Debug|Win32 = Debug|Win32
		Release|Win32 = Release|Win32
	EndGlobalSection
	GlobalSection(ProjectConfigurationPlatforms) = postSolution
		{E221666C-4F25-4831-B0D3-70BF0C5D2EAB}.Debug|Win32.ActiveCfg = Debug|Win32
		{E221666C-4F25-4831-B0D3-70BF0C5D2EAB}.Debug|Win32.Build.0 = Debug|Win32
		{E221666C-4F25-4831-B0D3-70BF0C5D2EAB}.Release|Win32.ActiveCfg = Release|Win32
		{E221666C-4F25-4831-B0D3-70BF0C5D2EAB}.Release|Win32.Build.0 = Release|Win32
	EndGlobalSection
	GlobalSection(SolutionProperties) = preSolution
		HideSolutionNode = FALSE
	EndGlobalSection
EndGlobal
